
Microsoft Visual Studio Solution File, Format Version 12.00
# Visual Studio Version 16
VisualStudioVersion = 16.0.29509.3
MinimumVisualStudioVersion = 10.0.40219.1
Project("{FAE04EC0-301F-11D3-BF4B-00C04F79EFBC}") = "Estructuras-Constructores,Clases,ToString()", "Estructuras-Constructores,Clases,ToString()\Estructuras-Constructores,Clases,ToString().csproj", "{686BFAE5-DBD3-49C9-BACE-2A529D960420}"
EndProject
Global
	GlobalSection(SolutionConfigurationPlatforms) = preSolution
		Debug|Any CPU = Debug|Any CPU
		Release|Any CPU = Release|Any CPU
	EndGlobalSection
	GlobalSection(ProjectConfigurationPlatforms) = postSolution
		{686BFAE5-DBD3-49C9-BACE-2A529D960420}.Debug|Any CPU.ActiveCfg = Debug|Any CPU
		{686BFAE5-DBD3-49C9-BACE-2A529D960420}.Debug|Any CPU.Build.0 = Debug|Any CPU
		{686BFAE5-DBD3-49C9-BACE-2A529D960420}.Release|Any CPU.ActiveCfg = Release|Any CPU
		{686BFAE5-DBD3-49C9-BACE-2A529D960420}.Release|Any CPU.Build.0 = Release|Any CPU
	EndGlobalSection
	GlobalSection(SolutionProperties) = preSolution
		HideSolutionNode = FALSE
	EndGlobalSection
	GlobalSection(ExtensibilityGlobals) = postSolution
		SolutionGuid = {78F048CE-51BE-4C49-B427-0CAD008E3099}
	EndGlobalSection
EndGlobal
